
Microsoft Visual Studio Solution File, Format Version 12.00
# Visual Studio Version 16
VisualStudioVersion = 16.0.31624.102
MinimumVisualStudioVersion = 10.0.40219.1
Project("{FAE04EC0-301F-11D3-BF4B-00C04F79EFBC}") = "OOPS", "OOPS.csproj", "{4419DBE1-81C8-4FC4-8E37-AC1173738714}"
EndProject
Global
	GlobalSection(SolutionConfigurationPlatforms) = preSolution
		Debug|Any CPU = Debug|Any CPU
		Release|Any CPU = Release|Any CPU
	EndGlobalSection
	GlobalSection(ProjectConfigurationPlatforms) = postSolution
		{4419DBE1-81C8-4FC4-8E37-AC1173738714}.Debug|Any CPU.ActiveCfg = Debug|Any CPU
		{4419DBE1-81C8-4FC4-8E37-AC1173738714}.Debug|Any CPU.Build.0 = Debug|Any CPU
		{4419DBE1-81C8-4FC4-8E37-AC1173738714}.Release|Any CPU.ActiveCfg = Release|Any CPU
		{4419DBE1-81C8-4FC4-8E37-AC1173738714}.Release|Any CPU.Build.0 = Release|Any CPU
	EndGlobalSection
	GlobalSection(SolutionProperties) = preSolution
		HideSolutionNode = FALSE
	EndGlobalSection
	GlobalSection(ExtensibilityGlobals) = postSolution
		SolutionGuid = {8EC2CC06-D626-441B-8762-66AB79A6FB9D}
	EndGlobalSection
EndGlobal
